
Microsoft Visual Studio Solution File, Format Version 12.00
# Visual Studio Version 16
VisualStudioVersion = 16.0.31229.75
MinimumVisualStudioVersion = 10.0.40219.1
Project("{FAE04EC0-301F-11D3-BF4B-00C04F79EFBC}") = "Learning_Constants", "Learning_Constants\Learning_Constants.csproj", "{76067243-E37A-4322-9FC3-86B5F3EBB14D}"
EndProject
Global
	GlobalSection(SolutionConfigurationPlatforms) = preSolution
		Debug|Any CPU = Debug|Any CPU
		Release|Any CPU = Release|Any CPU
	EndGlobalSection
	GlobalSection(ProjectConfigurationPlatforms) = postSolution
		{76067243-E37A-4322-9FC3-86B5F3EBB14D}.Debug|Any CPU.ActiveCfg = Debug|Any CPU
		{76067243-E37A-4322-9FC3-86B5F3EBB14D}.Debug|Any CPU.Build.0 = Debug|Any CPU
		{76067243-E37A-4322-9FC3-86B5F3EBB14D}.Release|Any CPU.ActiveCfg = Release|Any CPU
		{76067243-E37A-4322-9FC3-86B5F3EBB14D}.Release|Any CPU.Build.0 = Release|Any CPU
	EndGlobalSection
	GlobalSection(SolutionProperties) = preSolution
		HideSolutionNode = FALSE
	EndGlobalSection
	GlobalSection(ExtensibilityGlobals) = postSolution
		SolutionGuid = {0556F3A7-2D38-49DB-9C97-4F93515E0657}
	EndGlobalSection
EndGlobal
